
Microsoft Visual Studio Solution File, Format Version 12.00
# Visual Studio 15
VisualStudioVersion = 15.0.26403.7
MinimumVisualStudioVersion = 10.0.40219.1
Project("{FAE04EC0-301F-11D3-BF4B-00C04F79EFBC}") = "SkyboxReplacer", "SkyboxReplacer\SkyboxReplacer.csproj", "{AFAEC80A-5A22-48B0-9DE0-AF6D1C51C953}"
EndProject
Global
	GlobalSection(SolutionConfigurationPlatforms) = preSolution
		Debug|Any CPU = Debug|Any CPU
		Release|Any CPU = Release|Any CPU
	EndGlobalSection
	GlobalSection(ProjectConfigurationPlatforms) = postSolution
		{AFAEC80A-5A22-48B0-9DE0-AF6D1C51C953}.Debug|Any CPU.ActiveCfg = Debug|Any CPU
		{AFAEC80A-5A22-48B0-9DE0-AF6D1C51C953}.Debug|Any CPU.Build.0 = Debug|Any CPU
		{AFAEC80A-5A22-48B0-9DE0-AF6D1C51C953}.Release|Any CPU.ActiveCfg = Release|Any CPU
		{AFAEC80A-5A22-48B0-9DE0-AF6D1C51C953}.Release|Any CPU.Build.0 = Release|Any CPU
	EndGlobalSection
	GlobalSection(SolutionProperties) = preSolution
		HideSolutionNode = FALSE
	EndGlobalSection
EndGlobal
